{
  "version": 4,
  "terraform_version": "1.8.5",
  "serial": 133,
  "lineage": "abc3d3d2-48f6-e2f3-836e-88019ca1226a",
  "outputs": {},
  "resources": [
    {
      "mode": "managed",
      "type": "aws_alb_listener",
      "name": "nginx-alb-http-listener",
      "provider": "provider[\"registry.terraform.io/hashicorp/aws\"]",
      "instances": [
        {
          "schema_version": 0,
          "attributes": {
            "arn": "arn:aws:elasticloadbalancing:ap-southeast-1:912196314468:listener/app/local-demo-alb/576646d32c194b77/6048de4c3785c293",
            "certificate_arn": null,
            "default_action": [
              {
                "authenticate_cognito": [],
                "authenticate_oidc": [],
                "fixed_response": [],
                "forward": [],
                "order": 1,
                "redirect": [],
                "target_group_arn": "arn:aws:elasticloadbalancing:ap-southeast-1:912196314468:targetgroup/local-demo-tg/40dcf6e75e610198",
                "type": "forward"
              }
            ],
            "id": "arn:aws:elasticloadbalancing:ap-southeast-1:912196314468:listener/app/local-demo-alb/576646d32c194b77/6048de4c3785c293",
            "load_balancer_arn": "arn:aws:elasticloadbalancing:ap-southeast-1:912196314468:loadbalancer/app/local-demo-alb/576646d32c194b77",
            "port": 80,
            "protocol": "HTTP",
            "ssl_policy": "",
            "timeouts": null
          },
          "sensitive_attributes": [],
          "private": "eyJlMmJmYjczMC1lY2FhLTExZTYtOGY4OC0zNDM2M2JjN2M0YzAiOnsicmVhZCI6NjAwMDAwMDAwMDAwfX0=",
          "dependencies": [
            "aws_alb_target_group.default-target-group",
            "aws_lb.dev-alb",
            "aws_security_group.sg-alb",
            "aws_subnet.dev-public",
            "aws_vpc.dev"
          ]
        }
      ]
    },
    {
      "mode": "managed",
      "type": "aws_alb_target_group",
      "name": "default-target-group",
      "provider": "provider[\"registry.terraform.io/hashicorp/aws\"]",
      "instances": [
        {
          "schema_version": 0,
          "attributes": {
            "arn": "arn:aws:elasticloadbalancing:ap-southeast-1:912196314468:targetgroup/local-demo-tg/40dcf6e75e610198",
            "arn_suffix": "targetgroup/local-demo-tg/40dcf6e75e610198",
            "deregistration_delay": 300,
            "health_check": [
              {
                "enabled": true,
                "healthy_threshold": 5,
                "interval": 60,
                "matcher": "200",
                "path": "/",
                "port": "traffic-port",
                "protocol": "HTTP",
                "timeout": 2,
                "unhealthy_threshold": 2
              }
            ],
            "id": "arn:aws:elasticloadbalancing:ap-southeast-1:912196314468:targetgroup/local-demo-tg/40dcf6e75e610198",
            "lambda_multi_value_headers_enabled": false,
            "load_balancing_algorithm_type": "round_robin",
            "name": "local-demo-tg",
            "name_prefix": null,
            "port": 80,
            "protocol": "HTTP",
            "proxy_protocol_v2": false,
            "slow_start": 0,
            "stickiness": [
              {
                "cookie_duration": 86400,
                "enabled": false,
                "type": "lb_cookie"
              }
            ],
            "tags": {},
            "target_type": "instance",
            "vpc_id": "vpc-007792252c745a699"
          },
          "sensitive_attributes": [],
          "private": "bnVsbA==",
          "dependencies": [
            "aws_vpc.dev"
          ]
        }
      ]
    },
    {
      "mode": "managed",
      "type": "aws_ebs_volume",
      "name": "local_demo-ebs",
      "provider": "provider[\"registry.terraform.io/hashicorp/aws\"]",
      "instances": [
        {
          "index_key": 0,
          "schema_version": 0,
          "attributes": {
            "arn": "arn:aws:ec2:ap-southeast-1:912196314468:volume/vol-0ba2b8cc1d637fd92",
            "availability_zone": "ap-southeast-1a",
            "encrypted": false,
            "id": "vol-0ba2b8cc1d637fd92",
            "iops": 100,
            "kms_key_id": "",
            "multi_attach_enabled": false,
            "outpost_arn": "",
            "size": 10,
            "snapshot_id": "",
            "tags": {},
            "type": "gp2"
          },
          "sensitive_attributes": [],
          "private": "bnVsbA=="
        },
        {
          "index_key": 1,
          "schema_version": 0,
          "attributes": {
            "arn": "arn:aws:ec2:ap-southeast-1:912196314468:volume/vol-09381a8a9032f733c",
            "availability_zone": "ap-southeast-1b",
            "encrypted": false,
            "id": "vol-09381a8a9032f733c",
            "iops": 100,
            "kms_key_id": "",
            "multi_attach_enabled": false,
            "outpost_arn": "",
            "size": 10,
            "snapshot_id": "",
            "tags": {},
            "type": "gp2"
          },
          "sensitive_attributes": [],
          "private": "bnVsbA=="
        }
      ]
    },
    {
      "mode": "managed",
      "type": "aws_eip",
      "name": "nat_eip",
      "provider": "provider[\"registry.terraform.io/hashicorp/aws\"]",
      "instances": [
        {
          "schema_version": 0,
          "attributes": {
            "allocation_id": null,
            "associate_with_private_ip": null,
            "association_id": "",
            "customer_owned_ip": "",
            "customer_owned_ipv4_pool": "",
            "domain": "vpc",
            "id": "eipalloc-0b135799b18ffe695",
            "instance": "",
            "network_interface": "",
            "private_dns": "ip-10-0-1-151.ap-southeast-1.compute.internal",
            "private_ip": "",
            "public_dns": "ec2-13-215-242-169.ap-southeast-1.compute.amazonaws.com",
            "public_ip": "13.215.242.169",
            "public_ipv4_pool": "amazon",
            "tags": {
              "Name": "local_demo-NAT Gateway EIP"
            },
            "timeouts": null,
            "vpc": true
          },
          "sensitive_attributes": [],
          "private": "eyJlMmJmYjczMC1lY2FhLTExZTYtOGY4OC0zNDM2M2JjN2M0YzAiOnsiZGVsZXRlIjoxODAwMDAwMDAwMDAsInJlYWQiOjkwMDAwMDAwMDAwMCwidXBkYXRlIjozMDAwMDAwMDAwMDB9fQ==",
          "dependencies": [
            "aws_internet_gateway.dev-igw",
            "aws_vpc.dev"
          ]
        }
      ]
    },
    {
      "mode": "managed",
      "type": "aws_instance",
      "name": "local_demo",
      "provider": "provider[\"registry.terraform.io/hashicorp/aws\"]",
      "instances": [
        {
          "index_key": 0,
          "schema_version": 1,
          "attributes": {
            "ami": "ami-060e277c0d4cce553",
            "arn": "arn:aws:ec2:ap-southeast-1:912196314468:instance/i-0d2fd1af80b103837",
            "associate_public_ip_address": true,
            "availability_zone": "ap-southeast-1a",
            "cpu_core_count": 1,
            "cpu_threads_per_core": 2,
            "credit_specification": [
              {
                "cpu_credits": "unlimited"
              }
            ],
            "disable_api_termination": false,
            "ebs_block_device": [
              {
                "delete_on_termination": false,
                "device_name": "/dev/xvdh",
                "encrypted": false,
                "iops": 100,
                "kms_key_id": "",
                "snapshot_id": "",
                "volume_id": "vol-0ba2b8cc1d637fd92",
                "volume_size": 10,
                "volume_type": "gp2"
              }
            ],
            "ebs_optimized": false,
            "ephemeral_block_device": [],
            "get_password_data": false,
            "hibernation": false,
            "host_id": null,
            "iam_instance_profile": "",
            "id": "i-0d2fd1af80b103837",
            "instance_initiated_shutdown_behavior": null,
            "instance_state": "running",
            "instance_type": "t3.micro",
            "ipv6_address_count": 0,
            "ipv6_addresses": [],
            "key_name": "",
            "metadata_options": [
              {
                "http_endpoint": "enabled",
                "http_put_response_hop_limit": 2,
                "http_tokens": "required"
              }
            ],
            "monitoring": false,
            "network_interface": [],
            "outpost_arn": "",
            "password_data": "",
            "placement_group": "",
            "primary_network_interface_id": "eni-0251ce18630f48b80",
            "private_dns": "ip-10-0-1-236.ap-southeast-1.compute.internal",
            "private_ip": "10.0.1.236",
            "public_dns": "ec2-54-255-247-24.ap-southeast-1.compute.amazonaws.com",
            "public_ip": "54.255.247.24",
            "root_block_device": [
              {
                "delete_on_termination": true,
                "device_name": "/dev/sda1",
                "encrypted": false,
                "iops": 3000,
                "kms_key_id": "",
                "volume_id": "vol-09d82f22600ca74f5",
                "volume_size": 8,
                "volume_type": "gp3"
              }
            ],
            "secondary_private_ips": [],
            "security_groups": [],
            "source_dest_check": true,
            "subnet_id": "subnet-0cd879242d10075f7",
            "tags": {
              "Name": "local_demo- ec2 - 1"
            },
            "tenancy": "default",
            "timeouts": null,
            "user_data": null,
            "user_data_base64": null,
            "volume_tags": {},
            "vpc_security_group_ids": [
              "sg-0ed06781737304adc"
            ]
          },
          "sensitive_attributes": [],
          "private": "eyJlMmJmYjczMC1lY2FhLTExZTYtOGY4OC0zNDM2M2JjN2M0YzAiOnsiY3JlYXRlIjo2MDAwMDAwMDAwMDAsImRlbGV0ZSI6MTIwMDAwMDAwMDAwMCwidXBkYXRlIjo2MDAwMDAwMDAwMDB9LCJzY2hlbWFfdmVyc2lvbiI6IjEifQ==",
          "dependencies": [
            "aws_subnet.dev-public",
            "aws_vpc.dev"
          ]
        },
        {
          "index_key": 1,
          "schema_version": 1,
          "attributes": {
            "ami": "ami-060e277c0d4cce553",
            "arn": "arn:aws:ec2:ap-southeast-1:912196314468:instance/i-0b9310ed0626b379b",
            "associate_public_ip_address": true,
            "availability_zone": "ap-southeast-1b",
            "cpu_core_count": 1,
            "cpu_threads_per_core": 2,
            "credit_specification": [
              {
                "cpu_credits": "unlimited"
              }
            ],
            "disable_api_termination": false,
            "ebs_block_device": [
              {
                "delete_on_termination": false,
                "device_name": "/dev/xvdh",
                "encrypted": false,
                "iops": 100,
                "kms_key_id": "",
                "snapshot_id": "",
                "volume_id": "vol-09381a8a9032f733c",
                "volume_size": 10,
                "volume_type": "gp2"
              }
            ],
            "ebs_optimized": false,
            "ephemeral_block_device": [],
            "get_password_data": false,
            "hibernation": false,
            "host_id": null,
            "iam_instance_profile": "",
            "id": "i-0b9310ed0626b379b",
            "instance_initiated_shutdown_behavior": null,
            "instance_state": "running",
            "instance_type": "t3.micro",
            "ipv6_address_count": 0,
            "ipv6_addresses": [],
            "key_name": "",
            "metadata_options": [
              {
                "http_endpoint": "enabled",
                "http_put_response_hop_limit": 2,
                "http_tokens": "required"
              }
            ],
            "monitoring": false,
            "network_interface": [],
            "outpost_arn": "",
            "password_data": "",
            "placement_group": "",
            "primary_network_interface_id": "eni-0ca92a2869104edec",
            "private_dns": "ip-10-0-2-11.ap-southeast-1.compute.internal",
            "private_ip": "10.0.2.11",
            "public_dns": "ec2-54-169-54-230.ap-southeast-1.compute.amazonaws.com",
            "public_ip": "54.169.54.230",
            "root_block_device": [
              {
                "delete_on_termination": true,
                "device_name": "/dev/sda1",
                "encrypted": false,
                "iops": 3000,
                "kms_key_id": "",
                "volume_id": "vol-0681cdc621edbc6ba",
                "volume_size": 8,
                "volume_type": "gp3"
              }
            ],
            "secondary_private_ips": [],
            "security_groups": [],
            "source_dest_check": true,
            "subnet_id": "subnet-0e36fc2bc40627ec0",
            "tags": {
              "Name": "local_demo- ec2 - 2"
            },
            "tenancy": "default",
            "timeouts": null,
            "user_data": null,
            "user_data_base64": null,
            "volume_tags": {},
            "vpc_security_group_ids": [
              "sg-0ed06781737304adc"
            ]
          },
          "sensitive_attributes": [],
          "private": "eyJlMmJmYjczMC1lY2FhLTExZTYtOGY4OC0zNDM2M2JjN2M0YzAiOnsiY3JlYXRlIjo2MDAwMDAwMDAwMDAsImRlbGV0ZSI6MTIwMDAwMDAwMDAwMCwidXBkYXRlIjo2MDAwMDAwMDAwMDB9LCJzY2hlbWFfdmVyc2lvbiI6IjEifQ==",
          "dependencies": [
            "aws_subnet.dev-public",
            "aws_vpc.dev"
          ]
        }
      ]
    },
    {
      "mode": "managed",
      "type": "aws_internet_gateway",
      "name": "dev-igw",
      "provider": "provider[\"registry.terraform.io/hashicorp/aws\"]",
      "instances": [
        {
          "schema_version": 0,
          "attributes": {
            "arn": "arn:aws:ec2:ap-southeast-1:912196314468:internet-gateway/igw-017623ab572a5b666",
            "id": "igw-017623ab572a5b666",
            "owner_id": "912196314468",
            "tags": {
              "Name": "dev-igw"
            },
            "vpc_id": "vpc-007792252c745a699"
          },
          "sensitive_attributes": [],
          "private": "bnVsbA==",
          "dependencies": [
            "aws_vpc.dev"
          ]
        }
      ]
    },
    {
      "mode": "managed",
      "type": "aws_key_pair",
      "name": "local_demo",
      "provider": "provider[\"registry.terraform.io/hashicorp/aws\"]",
      "instances": [
        {
          "schema_version": 1,
          "attributes": {
            "arn": "arn:aws:ec2:ap-southeast-1:912196314468:key-pair/local-demo_key_pair",
            "fingerprint": "11:7b:a4:6d:f9:08:e0:b9:ff:bc:66:2d:eb:fd:a6:bc",
            "id": "local-demo_key_pair",
            "key_name": "local-demo_key_pair",
            "key_name_prefix": null,
            "key_pair_id": "key-06c7a31df8dbb0bc7",
            "public_key": "ssh-rsa AAAAB3NzaC1yc2EAAAADAQABAAACAQDFefZWXeSDYhJkI+U+KDlBcXFn2wT4Mj+IPPcfT0bx4teleOUOYzwAHudxF6oPFTXStOJylARL+LpyyBLfKQPZKrX3Wbk6MAaL2mM124JbhmTVcuSEsupkM+I23kuxAVseK97+/qHA/ZPvNSjhmX8OTQzV68eOUug7928DVGv/gEtxKQbows3WvBkNPsDt//6/Qprlu/jKxmWTgU6yI7+vVu+owgfXWhkp8Qu16mNDEshQLm5TNt8MQy40x8VIv6O3of2Hd/HOeVe0xlmAv9CWd0i2SwekCw/xQbHxxy/uGhslIv1iUWWhvwSPw/DsQwd0PkqpEp6ypKmlYa/kA+N3+IKeaT9SoaKeildcvsaJO/iP4L4zKsOt0WBtmG7rI7uQMubyTXo1zxLP7iBgsQjw5FA9Vbg1U0eHPLNLuxxCiIcE0BOqHMFNMt1GaLQ9x460ZhtEO4AlWG8XyZDdyBEhWCIJGRqv4VkBe+h2sYGioUcoH3Z9sanNmULz3Efwp+PnsIyCdPBxyDQwyLWty5dmx0YA1l3FBMgvJ0lQYHBeIyUgudVlNcj3LtwzPGrysaac36vZO6iVOdI5m3Y/VErMGQunOXssx+BKJDwy1PIz0cpA1klMaLE4Re30b+23B/ur9+d+Il2fO3vrnvnGeKJTqUOHJsr4CBtbroJiwJw4Xw== rsa-key-20240719",
            "tags": null
          },
          "sensitive_attributes": [],
          "private": "eyJzY2hlbWFfdmVyc2lvbiI6IjEifQ=="
        }
      ]
    },
    {
      "mode": "managed",
      "type": "aws_lb",
      "name": "dev-alb",
      "provider": "provider[\"registry.terraform.io/hashicorp/aws\"]",
      "instances": [
        {
          "schema_version": 0,
          "attributes": {
            "access_logs": [
              {
                "bucket": "",
                "enabled": false,
                "prefix": ""
              }
            ],
            "arn": "arn:aws:elasticloadbalancing:ap-southeast-1:912196314468:loadbalancer/app/local-demo-alb/576646d32c194b77",
            "arn_suffix": "app/local-demo-alb/576646d32c194b77",
            "dns_name": "local-demo-alb-1830808593.ap-southeast-1.elb.amazonaws.com",
            "drop_invalid_header_fields": false,
            "enable_cross_zone_load_balancing": true,
            "enable_deletion_protection": false,
            "enable_http2": true,
            "id": "arn:aws:elasticloadbalancing:ap-southeast-1:912196314468:loadbalancer/app/local-demo-alb/576646d32c194b77",
            "idle_timeout": 60,
            "internal": false,
            "ip_address_type": "ipv4",
            "load_balancer_type": "application",
            "name": "local-demo-alb",
            "name_prefix": null,
            "security_groups": [
              "sg-097e07b265341c44a"
            ],
            "subnet_mapping": [
              {
                "allocation_id": "",
                "private_ipv4_address": "",
                "subnet_id": "subnet-0cd879242d10075f7"
              },
              {
                "allocation_id": "",
                "private_ipv4_address": "",
                "subnet_id": "subnet-0e36fc2bc40627ec0"
              }
            ],
            "subnets": [
              "subnet-0cd879242d10075f7",
              "subnet-0e36fc2bc40627ec0"
            ],
            "tags": {},
            "timeouts": null,
            "vpc_id": "vpc-007792252c745a699",
            "zone_id": "Z1LMS91P8CMLE5"
          },
          "sensitive_attributes": [],
          "private": "eyJlMmJmYjczMC1lY2FhLTExZTYtOGY4OC0zNDM2M2JjN2M0YzAiOnsiY3JlYXRlIjo2MDAwMDAwMDAwMDAsImRlbGV0ZSI6NjAwMDAwMDAwMDAwLCJ1cGRhdGUiOjYwMDAwMDAwMDAwMH19",
          "dependencies": [
            "aws_security_group.sg-alb",
            "aws_subnet.dev-public",
            "aws_vpc.dev"
          ]
        }
      ]
    },
    {
      "mode": "managed",
      "type": "aws_route_table",
      "name": "dev-public-route",
      "provider": "provider[\"registry.terraform.io/hashicorp/aws\"]",
      "instances": [
        {
          "schema_version": 0,
          "attributes": {
            "id": "rtb-0514c450fde61a7bc",
            "owner_id": "912196314468",
            "propagating_vgws": [],
            "route": [
              {
                "cidr_block": "0.0.0.0/0",
                "egress_only_gateway_id": "",
                "gateway_id": "igw-017623ab572a5b666",
                "instance_id": "",
                "ipv6_cidr_block": "",
                "local_gateway_id": "",
                "nat_gateway_id": "",
                "network_interface_id": "",
                "transit_gateway_id": "",
                "vpc_peering_connection_id": ""
              }
            ],
            "tags": {
              "Name": "2nd public route table"
            },
            "vpc_id": "vpc-007792252c745a699"
          },
          "sensitive_attributes": [],
          "private": "bnVsbA==",
          "dependencies": [
            "aws_internet_gateway.dev-igw",
            "aws_vpc.dev"
          ]
        }
      ]
    },
    {
      "mode": "managed",
      "type": "aws_route_table_association",
      "name": "public_subnet_asso",
      "provider": "provider[\"registry.terraform.io/hashicorp/aws\"]",
      "instances": [
        {
          "index_key": 0,
          "schema_version": 0,
          "attributes": {
            "gateway_id": null,
            "id": "rtbassoc-095bbd36803d65fc0",
            "route_table_id": "rtb-0514c450fde61a7bc",
            "subnet_id": "subnet-0cd879242d10075f7"
          },
          "sensitive_attributes": [],
          "private": "bnVsbA==",
          "dependencies": [
            "aws_internet_gateway.dev-igw",
            "aws_route_table.dev-public-route",
            "aws_subnet.dev-public",
            "aws_vpc.dev"
          ]
        },
        {
          "index_key": 1,
          "schema_version": 0,
          "attributes": {
            "gateway_id": null,
            "id": "rtbassoc-0c16d610095ee62e3",
            "route_table_id": "rtb-0514c450fde61a7bc",
            "subnet_id": "subnet-0e36fc2bc40627ec0"
          },
          "sensitive_attributes": [],
          "private": "bnVsbA==",
          "dependencies": [
            "aws_internet_gateway.dev-igw",
            "aws_route_table.dev-public-route",
            "aws_subnet.dev-public",
            "aws_vpc.dev"
          ]
        }
      ]
    },
    {
      "mode": "managed",
      "type": "aws_security_group",
      "name": "sg-alb",
      "provider": "provider[\"registry.terraform.io/hashicorp/aws\"]",
      "instances": [
        {
          "schema_version": 1,
          "attributes": {
            "arn": "arn:aws:ec2:ap-southeast-1:912196314468:security-group/sg-097e07b265341c44a",
            "description": "Controls access to the ALB",
            "egress": [
              {
                "cidr_blocks": [
                  "0.0.0.0/0"
                ],
                "description": "",
                "from_port": 0,
                "ipv6_cidr_blocks": [],
                "prefix_list_ids": [],
                "protocol": "-1",
                "security_groups": [],
                "self": false,
                "to_port": 0
              }
            ],
            "id": "sg-097e07b265341c44a",
            "ingress": [
              {
                "cidr_blocks": [
                  "0.0.0.0/0"
                ],
                "description": "HTTP ingress",
                "from_port": 80,
                "ipv6_cidr_blocks": [],
                "prefix_list_ids": [],
                "protocol": "tcp",
                "security_groups": [],
                "self": false,
                "to_port": 80
              },
              {
                "cidr_blocks": [
                  "0.0.0.0/0"
                ],
                "description": "ssh ingress",
                "from_port": 22,
                "ipv6_cidr_blocks": [],
                "prefix_list_ids": [],
                "protocol": "tcp",
                "security_groups": [],
                "self": false,
                "to_port": 22
              }
            ],
            "name": "load_balancer_security_group_nginx",
            "name_prefix": "",
            "owner_id": "912196314468",
            "revoke_rules_on_delete": false,
            "tags": {},
            "timeouts": null,
            "vpc_id": "vpc-007792252c745a699"
          },
          "sensitive_attributes": [],
          "private": "eyJlMmJmYjczMC1lY2FhLTExZTYtOGY4OC0zNDM2M2JjN2M0YzAiOnsiY3JlYXRlIjo2MDAwMDAwMDAwMDAsImRlbGV0ZSI6NjAwMDAwMDAwMDAwfSwic2NoZW1hX3ZlcnNpb24iOiIxIn0=",
          "dependencies": [
            "aws_vpc.dev"
          ]
        }
      ]
    },
    {
      "mode": "managed",
      "type": "aws_security_group",
      "name": "sg-ec2",
      "provider": "provider[\"registry.terraform.io/hashicorp/aws\"]",
      "instances": [
        {
          "schema_version": 1,
          "attributes": {
            "arn": "arn:aws:ec2:ap-southeast-1:912196314468:security-group/sg-05ee87b2c61723841",
            "description": "Allows inbound access from the ALB only",
            "egress": [
              {
                "cidr_blocks": [
                  "0.0.0.0/0"
                ],
                "description": "",
                "from_port": 0,
                "ipv6_cidr_blocks": [],
                "prefix_list_ids": [],
                "protocol": "-1",
                "security_groups": [],
                "self": false,
                "to_port": 0
              }
            ],
            "id": "sg-05ee87b2c61723841",
            "ingress": [
              {
                "cidr_blocks": [
                  "0.0.0.0/0"
                ],
                "description": "",
                "from_port": 22,
                "ipv6_cidr_blocks": [],
                "prefix_list_ids": [],
                "protocol": "tcp",
                "security_groups": [],
                "self": false,
                "to_port": 22
              },
              {
                "cidr_blocks": [],
                "description": "",
                "from_port": 0,
                "ipv6_cidr_blocks": [],
                "prefix_list_ids": [],
                "protocol": "-1",
                "security_groups": [
                  "sg-097e07b265341c44a"
                ],
                "self": false,
                "to_port": 0
              }
            ],
            "name": "ec2_security_group",
            "name_prefix": "",
            "owner_id": "912196314468",
            "revoke_rules_on_delete": false,
            "tags": {},
            "timeouts": null,
            "vpc_id": "vpc-007792252c745a699"
          },
          "sensitive_attributes": [],
          "private": "eyJlMmJmYjczMC1lY2FhLTExZTYtOGY4OC0zNDM2M2JjN2M0YzAiOnsiY3JlYXRlIjo2MDAwMDAwMDAwMDAsImRlbGV0ZSI6NjAwMDAwMDAwMDAwfSwic2NoZW1hX3ZlcnNpb24iOiIxIn0=",
          "dependencies": [
            "aws_security_group.sg-alb",
            "aws_vpc.dev"
          ]
        }
      ]
    },
    {
      "mode": "managed",
      "type": "aws_subnet",
      "name": "dev-public",
      "provider": "provider[\"registry.terraform.io/hashicorp/aws\"]",
      "instances": [
        {
          "index_key": 0,
          "schema_version": 1,
          "attributes": {
            "arn": "arn:aws:ec2:ap-southeast-1:912196314468:subnet/subnet-0cd879242d10075f7",
            "assign_ipv6_address_on_creation": false,
            "availability_zone": "ap-southeast-1a",
            "availability_zone_id": "apse1-az2",
            "cidr_block": "10.0.1.0/24",
            "id": "subnet-0cd879242d10075f7",
            "ipv6_cidr_block": "",
            "ipv6_cidr_block_association_id": "",
            "map_public_ip_on_launch": true,
            "outpost_arn": "",
            "owner_id": "912196314468",
            "tags": {
              "Name": "Public Subnet 1"
            },
            "timeouts": null,
            "vpc_id": "vpc-007792252c745a699"
          },
          "sensitive_attributes": [],
          "private": "eyJlMmJmYjczMC1lY2FhLTExZTYtOGY4OC0zNDM2M2JjN2M0YzAiOnsiY3JlYXRlIjo2MDAwMDAwMDAwMDAsImRlbGV0ZSI6MTIwMDAwMDAwMDAwMH0sInNjaGVtYV92ZXJzaW9uIjoiMSJ9",
          "dependencies": [
            "aws_vpc.dev"
          ]
        },
        {
          "index_key": 1,
          "schema_version": 1,
          "attributes": {
            "arn": "arn:aws:ec2:ap-southeast-1:912196314468:subnet/subnet-0e36fc2bc40627ec0",
            "assign_ipv6_address_on_creation": false,
            "availability_zone": "ap-southeast-1b",
            "availability_zone_id": "apse1-az1",
            "cidr_block": "10.0.2.0/24",
            "id": "subnet-0e36fc2bc40627ec0",
            "ipv6_cidr_block": "",
            "ipv6_cidr_block_association_id": "",
            "map_public_ip_on_launch": true,
            "outpost_arn": "",
            "owner_id": "912196314468",
            "tags": {
              "Name": "Public Subnet 2"
            },
            "timeouts": null,
            "vpc_id": "vpc-007792252c745a699"
          },
          "sensitive_attributes": [],
          "private": "eyJlMmJmYjczMC1lY2FhLTExZTYtOGY4OC0zNDM2M2JjN2M0YzAiOnsiY3JlYXRlIjo2MDAwMDAwMDAwMDAsImRlbGV0ZSI6MTIwMDAwMDAwMDAwMH0sInNjaGVtYV92ZXJzaW9uIjoiMSJ9",
          "dependencies": [
            "aws_vpc.dev"
          ]
        }
      ]
    },
    {
      "mode": "managed",
      "type": "aws_subnet",
      "name": "dev_private",
      "provider": "provider[\"registry.terraform.io/hashicorp/aws\"]",
      "instances": [
        {
          "index_key": 0,
          "schema_version": 1,
          "attributes": {
            "arn": "arn:aws:ec2:ap-southeast-1:912196314468:subnet/subnet-0d6e54a05f168435b",
            "assign_ipv6_address_on_creation": false,
            "availability_zone": "ap-southeast-1a",
            "availability_zone_id": "apse1-az2",
            "cidr_block": "10.0.3.0/24",
            "id": "subnet-0d6e54a05f168435b",
            "ipv6_cidr_block": "",
            "ipv6_cidr_block_association_id": "",
            "map_public_ip_on_launch": false,
            "outpost_arn": "",
            "owner_id": "912196314468",
            "tags": {
              "Name": "Private Subnet 1"
            },
            "timeouts": null,
            "vpc_id": "vpc-007792252c745a699"
          },
          "sensitive_attributes": [],
          "private": "eyJlMmJmYjczMC1lY2FhLTExZTYtOGY4OC0zNDM2M2JjN2M0YzAiOnsiY3JlYXRlIjo2MDAwMDAwMDAwMDAsImRlbGV0ZSI6MTIwMDAwMDAwMDAwMH0sInNjaGVtYV92ZXJzaW9uIjoiMSJ9",
          "dependencies": [
            "aws_vpc.dev"
          ]
        },
        {
          "index_key": 1,
          "schema_version": 1,
          "attributes": {
            "arn": "arn:aws:ec2:ap-southeast-1:912196314468:subnet/subnet-05f2789c27e20b11a",
            "assign_ipv6_address_on_creation": false,
            "availability_zone": "ap-southeast-1b",
            "availability_zone_id": "apse1-az1",
            "cidr_block": "10.0.4.0/24",
            "id": "subnet-05f2789c27e20b11a",
            "ipv6_cidr_block": "",
            "ipv6_cidr_block_association_id": "",
            "map_public_ip_on_launch": false,
            "outpost_arn": "",
            "owner_id": "912196314468",
            "tags": {
              "Name": "Private Subnet 2"
            },
            "timeouts": null,
            "vpc_id": "vpc-007792252c745a699"
          },
          "sensitive_attributes": [],
          "private": "eyJlMmJmYjczMC1lY2FhLTExZTYtOGY4OC0zNDM2M2JjN2M0YzAiOnsiY3JlYXRlIjo2MDAwMDAwMDAwMDAsImRlbGV0ZSI6MTIwMDAwMDAwMDAwMH0sInNjaGVtYV92ZXJzaW9uIjoiMSJ9",
          "dependencies": [
            "aws_vpc.dev"
          ]
        }
      ]
    },
    {
      "mode": "managed",
      "type": "aws_volume_attachment",
      "name": "local_demo-ebs-attachment",
      "provider": "provider[\"registry.terraform.io/hashicorp/aws\"]",
      "instances": [
        {
          "index_key": 0,
          "schema_version": 0,
          "attributes": {
            "device_name": "/dev/xvdh",
            "force_detach": null,
            "id": "vai-3946479710",
            "instance_id": "i-0d2fd1af80b103837",
            "skip_destroy": null,
            "volume_id": "vol-0ba2b8cc1d637fd92"
          },
          "sensitive_attributes": [],
          "private": "bnVsbA==",
          "dependencies": [
            "aws_ebs_volume.local_demo-ebs",
            "aws_instance.local_demo",
            "aws_subnet.dev-public",
            "aws_vpc.dev"
          ]
        },
        {
          "index_key": 1,
          "schema_version": 0,
          "attributes": {
            "device_name": "/dev/xvdh",
            "force_detach": null,
            "id": "vai-2824936373",
            "instance_id": "i-0b9310ed0626b379b",
            "skip_destroy": null,
            "volume_id": "vol-09381a8a9032f733c"
          },
          "sensitive_attributes": [],
          "private": "bnVsbA==",
          "dependencies": [
            "aws_ebs_volume.local_demo-ebs",
            "aws_instance.local_demo",
            "aws_subnet.dev-public",
            "aws_vpc.dev"
          ]
        }
      ]
    },
    {
      "mode": "managed",
      "type": "aws_vpc",
      "name": "dev",
      "provider": "provider[\"registry.terraform.io/hashicorp/aws\"]",
      "instances": [
        {
          "schema_version": 1,
          "attributes": {
            "arn": "arn:aws:ec2:ap-southeast-1:912196314468:vpc/vpc-007792252c745a699",
            "assign_generated_ipv6_cidr_block": false,
            "cidr_block": "10.0.0.0/16",
            "default_network_acl_id": "acl-0156b0b95679e564c",
            "default_route_table_id": "rtb-019da50185fce798a",
            "default_security_group_id": "sg-0ed06781737304adc",
            "dhcp_options_id": "dopt-ca9368ac",
            "enable_classiclink": false,
            "enable_classiclink_dns_support": false,
            "enable_dns_hostnames": true,
            "enable_dns_support": true,
            "id": "vpc-007792252c745a699",
            "instance_tenancy": "default",
            "ipv6_association_id": "",
            "ipv6_cidr_block": "",
            "main_route_table_id": "rtb-019da50185fce798a",
            "owner_id": "912196314468",
            "tags": {
              "Name": "local_demo-dev"
            }
          },
          "sensitive_attributes": [],
          "private": "eyJzY2hlbWFfdmVyc2lvbiI6IjEifQ=="
        }
      ]
    }
  ],
  "check_results": null
}
